// !$*UTF8*$!
{
	archiveVersion = 1;
	classes = {
	};
	objectVersion = 50;
	objects = {

/* Begin PBXBuildFile section */
		581D5BF22091828400DCE533 /* AppDelegate.m in Sources */ = {isa = PBXBuildFile; fileRef = 581D5BF12091828400DCE533 /* AppDelegate.m */; };
		581D5BF82091828400DCE533 /* Main.storyboard in Resources */ = {isa = PBXBuildFile; fileRef = 581D5BF62091828400DCE533 /* Main.storyboard */; };
		581D5BFA2091828400DCE533 /* Assets.xcassets in Resources */ = {isa = PBXBuildFile; fileRef = 581D5BF92091828400DCE533 /* Assets.xcassets */; };
		581D5BFD2091828400DCE533 /* LaunchScreen.storyboard in Resources */ = {isa = PBXBuildFile; fileRef = 581D5BFB2091828400DCE533 /* LaunchScreen.storyboard */; };
		581D5C002091828400DCE533 /* main.m in Sources */ = {isa = PBXBuildFile; fileRef = 581D5BFF2091828400DCE533 /* main.m */; };
		581D5C082091829A00DCE533 /* ViewController.m in Sources */ = {isa = PBXBuildFile; fileRef = 581D5C062091829900DCE533 /* ViewController.m */; };
		58DB0D5F2092BD7A00209669 /* ZJYRoadBtn.m in Sources */ = {isa = PBXBuildFile; fileRef = 58DB0D5D2092BD7900209669 /* ZJYRoadBtn.m */; };
		58DB0D662093246000209669 /* ZJYRoadView.m in Sources */ = {isa = PBXBuildFile; fileRef = 58DB0D652093246000209669 /* ZJYRoadView.m */; };
/* End PBXBuildFile section */

/* Begin PBXFileReference section */
		581D5BED2091828400DCE533 /* photoBookDemo.app */ = {isa = PBXFileReference; explicitFileType = wrapper.application; includeInIndex = 0; path = photoBookDemo.app; sourceTree = BUILT_PRODUCTS_DIR; };
		581D5BF02091828400DCE533 /* AppDelegate.h */ = {isa = PBXFileReference; lastKnownFileType = sourcecode.c.h; path = AppDelegate.h; sourceTree = "<group>"; };
		581D5BF12091828400DCE533 /* AppDelegate.m */ = {isa = PBXFileReference; lastKnownFileType = sourcecode.c.objc; path = AppDelegate.m; sourceTree = "<group>"; };
		581D5BF72091828400DCE533 /* Base */ = {isa = PBXFileReference; lastKnownFileType = file.storyboard; name = Base; path = Base.lproj/Main.storyboard; sourceTree = "<group>"; };
		581D5BF92091828400DCE533 /* Assets.xcassets */ = {isa = PBXFileReference; lastKnownFileType = folder.assetcatalog; path = Assets.xcassets; sourceTree = "<group>"; };
		581D5BFC2091828400DCE533 /* Base */ = {isa = PBXFileReference; lastKnownFileType = file.storyboard; name = Base; path = Base.lproj/LaunchScreen.storyboard; sourceTree = "<group>"; };
		581D5BFE2091828400DCE533 /* Info.plist */ = {isa = PBXFileReference; lastKnownFileType = text.plist.xml; path = Info.plist; sourceTree = "<group>"; };
		581D5BFF2091828400DCE533 /* main.m */ = {isa = PBXFileReference; lastKnownFileType = sourcecode.c.objc; path = main.m; sourceTree = "<group>"; };
		581D5C062091829900DCE533 /* ViewController.m */ = {isa = PBXFileReference; fileEncoding = 4; lastKnownFileType = sourcecode.c.objc; path = ViewController.m; sourceTree = "<group>"; };
		581D5C072091829900DCE533 /* ViewController.h */ = {isa = PBXFileReference; fileEncoding = 4; lastKnownFileType = sourcecode.c.h; path = ViewController.h; sourceTree = "<group>"; };
		58DB0D5B2092BD7900209669 /* ZJYRoadBtn.h */ = {isa = PBXFileReference; fileEncoding = 4; lastKnownFileType = sourcecode.c.h; path = ZJYRoadBtn.h; sourceTree = "<group>"; };
		58DB0D5D2092BD7900209669 /* ZJYRoadBtn.m */ = {isa = PBXFileReference; fileEncoding = 4; lastKnownFileType = sourcecode.c.objc; path = ZJYRoadBtn.m; sourceTree = "<group>"; };
		58DB0D642093246000209669 /* ZJYRoadView.h */ = {isa = PBXFileReference; fileEncoding = 4; lastKnownFileType = sourcecode.c.h; path = ZJYRoadView.h; sourceTree = "<group>"; };
		58DB0D652093246000209669 /* ZJYRoadView.m */ = {isa = PBXFileReference; fileEncoding = 4; lastKnownFileType = sourcecode.c.objc; path = ZJYRoadView.m; sourceTree = "<group>"; };
/* End PBXFileReference section */

/* Begin PBXFrameworksBuildPhase section */
		581D5BEA2091828400DCE533 /* Frameworks */ = {
			isa = PBXFrameworksBuildPhase;
			buildActionMask = 2147483647;
			files = (
			);
			runOnlyForDeploymentPostprocessing = 0;
		};
/* End PBXFrameworksBuildPhase section */

/* Begin PBXGroup section */
		581D5BE42091828400DCE533 = {
			isa = PBXGroup;
			children = (
				581D5BEF2091828400DCE533 /* photoBookDemo */,
				581D5BEE2091828400DCE533 /* Products */,
			);
			sourceTree = "<group>";
		};
		581D5BEE2091828400DCE533 /* Products */ = {
			isa = PBXGroup;
			children = (
				581D5BED2091828400DCE533 /* photoBookDemo.app */,
			);
			name = Products;
			sourceTree = "<group>";
		};
		581D5BEF2091828400DCE533 /* photoBookDemo */ = {
			isa = PBXGroup;
			children = (
				581D5BF02091828400DCE533 /* AppDelegate.h */,
				581D5BF12091828400DCE533 /* AppDelegate.m */,
				581D5C072091829900DCE533 /* ViewController.h */,
				581D5C062091829900DCE533 /* ViewController.m */,
				58DB0D5B2092BD7900209669 /* ZJYRoadBtn.h */,
				58DB0D5D2092BD7900209669 /* ZJYRoadBtn.m */,
				58DB0D642093246000209669 /* ZJYRoadView.h */,
				58DB0D652093246000209669 /* ZJYRoadView.m */,
				581D5BF62091828400DCE533 /* Main.storyboard */,
				581D5BF92091828400DCE533 /* Assets.xcassets */,
				581D5BFB2091828400DCE533 /* LaunchScreen.storyboard */,
				581D5BFE2091828400DCE533 /* Info.plist */,
				581D5BFF2091828400DCE533 /* main.m */,
			);
			path = photoBookDemo;
			sourceTree = "<group>";
		};
/* End PBXGroup section */

/* Begin PBXNativeTarget section */
		581D5BEC2091828400DCE533 /* photoBookDemo */ = {
			isa = PBXNativeTarget;
			buildConfigurationList = 581D5C032091828400DCE533 /* Build configuration list for PBXNativeTarget "photoBookDemo" */;
			buildPhases = (
				581D5BE92091828400DCE533 /* Sources */,
				581D5BEA2091828400DCE533 /* Frameworks */,
				581D5BEB2091828400DCE533 /* Resources */,
			);
			buildRules = (
			);
			dependencies = (
			);
			name = photoBookDemo;
			productName = photoBookDemo;
			productReference = 581D5BED2091828400DCE533 /* photoBookDemo.app */;
			productType = "com.apple.product-type.application";
		};
/* End PBXNativeTarget section */

/* Begin PBXProject section */
		581D5BE52091828400DCE533 /* Project object */ = {
			isa = PBXProject;
			attributes = {
				LastUpgradeCheck = 0930;
				ORGANIZATIONNAME = Onion;
				TargetAttributes = {
					581D5BEC2091828400DCE533 = {
						CreatedOnToolsVersion = 9.3;
					};
				};
			};
			buildConfigurationList = 581D5BE82091828400DCE533 /* Build configuration list for PBXProject "photoBookDemo" */;
			compatibilityVersion = "Xcode 9.3";
			developmentRegion = en;
			hasScannedForEncodings = 0;
			knownRegions = (
				en,
				Base,
			);
			mainGroup = 581D5BE42091828400DCE533;
			productRefGroup = 581D5BEE2091828400DCE533 /* Products */;
			projectDirPath = "";
			projectRoot = "";
			targets = (
				581D5BEC2091828400DCE533 /* photoBookDemo */,
			);
		};
/* End PBXProject section */

/* Begin PBXResourcesBuildPhase section */
		581D5BEB2091828400DCE533 /* Resources */ = {
			isa = PBXResourcesBuildPhase;
			buildActionMask = 2147483647;
			files = (
				581D5BFD2091828400DCE533 /* LaunchScreen.storyboard in Resources */,
				581D5BFA2091828400DCE533 /* Assets.xcassets in Resources */,
				581D5BF82091828400DCE533 /* Main.storyboard in Resources */,
			);
			runOnlyForDeploymentPostprocessing = 0;
		};
/* End PBXResourcesBuildPhase section */

/* Begin PBXSourcesBuildPhase section */
		581D5BE92091828400DCE533 /* Sources */ = {
			isa = PBXSourcesBuildPhase;
			buildActionMask = 2147483647;
			files = (
				581D5C082091829A00DCE533 /* ViewController.m in Sources */,
				581D5C002091828400DCE533 /* main.m in Sources */,
				58DB0D5F2092BD7A00209669 /* ZJYRoadBtn.m in Sources */,
				58DB0D662093246000209669 /* ZJYRoadView.m in Sources */,
				581D5BF22091828400DCE533 /* AppDelegate.m in Sources */,
			);
			runOnlyForDeploymentPostprocessing = 0;
		};
/* End PBXSourcesBuildPhase section */

/* Begin PBXVariantGroup section */
		581D5BF62091828400DCE533 /* Main.storyboard */ = {
			isa = PBXVariantGroup;
			children = (
				581D5BF72091828400DCE533 /* Base */,
			);
			name = Main.storyboard;
			sourceTree = "<group>";
		};
		581D5BFB2091828400DCE533 /* LaunchScreen.storyboard */ = {
			isa = PBXVariantGroup;
			children = (
				581D5BFC2091828400DCE533 /* Base */,
			);
			name = LaunchScreen.storyboard;
			sourceTree = "<group>";
		};
/* End PBXVariantGroup section */

/* Begin XCBuildConfiguration section */
		581D5C012091828400DCE533 /* Debug */ = {
			isa = XCBuildConfiguration;
			buildSettings = {
				ALWAYS_SEARCH_USER_PATHS = NO;
				CLANG_ANALYZER_NONNULL = YES;
				CLANG_ANALYZER_NUMBER_OBJECT_CONVERSION = YES_AGGRESSIVE;
				CLANG_CXX_LANGUAGE_STANDARD = "gnu++14";
				CLANG_CXX_LIBRARY = "libc++";
				CLANG_ENABLE_MODULES = YES;
				CLANG_ENABLE_OBJC_ARC = YES;
				CLANG_ENABLE_OBJC_WEAK = YES;
				CLANG_WARN_BLOCK_CAPTURE_AUTORELEASING = YES;
				CLANG_WARN_BOOL_CONVERSION = YES;
				CLANG_WARN_COMMA = YES;
				CLANG_WARN_CONSTANT_CONVERSION = YES;
				CLANG_WARN_DEPRECATED_OBJC_IMPLEMENTATIONS = YES;
				CLANG_WARN_DIRECT_OBJC_ISA_USAGE = YES_ERROR;
				CLANG_WARN_DOCUMENTATION_COMMENTS = YES;
				CLANG_WARN_EMPTY_BODY = YES;
				CLANG_WARN_ENUM_CONVERSION = YES;
				CLANG_WARN_INFINITE_RECURSION = YES;
				CLANG_WARN_INT_CONVERSION = YES;
				CLANG_WARN_NON_LITERAL_NULL_CONVERSION = YES;
				CLANG_WARN_OBJC_IMPLICIT_RETAIN_SELF = YES;
				CLANG_WARN_OBJC_LITERAL_CONVERSION = YES;
				CLANG_WARN_OBJC_ROOT_CLASS = YES_ERROR;
				CLANG_WARN_RANGE_LOOP_ANALYSIS = YES;
				CLANG_WARN_STRICT_PROTOTYPES = YES;
				CLANG_WARN_SUSPICIOUS_MOVE = YES;
				CLANG_WARN_UNGUARDED_AVAILABILITY = YES_AGGRESSIVE;
				CLANG_WARN_UNREACHABLE_CODE = YES;
				CLANG_WARN__DUPLICATE_METHOD_MATCH = YES;
				CODE_SIGN_IDENTITY = "iPhone Developer";
				COPY_PHASE_STRIP = NO;
				DEBUG_INFORMATION_FORMAT = dwarf;
				ENABLE_STRICT_OBJC_MSGSEND = YES;
				ENABLE_TESTABILITY = YES;
				GCC_C_LANGUAGE_STANDARD = gnu11;
				GCC_DYNAMIC_NO_PIC = NO;
				GCC_NO_COMMON_BLOCKS = YES;
				GCC_OPTIMIZATION_LEVEL = 0;
				GCC_PREPROCESSOR_DEFINITIONS = (
					"DEBUG=1",
					"$(inherited)",
				);
				GCC_WARN_64_TO_32_BIT_CONVERSION = YES;
				GCC_WARN_ABOUT_RETURN_TYPE = YES_ERROR;
				GCC_WARN_UNDECLARED_SELECTOR = YES;
				GCC_WARN_UNINITIALIZED_AUTOS = YES_AGGRESSIVE;
				GCC_WARN_UNUSED_FUNCTION = YES;
				GCC_WARN_UNUSED_VARIABLE = YES;
				IPHONEOS_DEPLOYMENT_TARGET = 11.3;
				MTL_ENABLE_DEBUG_INFO = YES;
				ONLY_ACTIVE_ARCH = YES;
				SDKROOT = iphoneos;
			};
			name = Debug;
		};
		581D5C022091828400DCE533 /* Release */ = {
			isa = XCBuildConfiguration;
			buildSettings = {
				ALWAYS_SEARCH_USER_PATHS = NO;
				CLANG_ANALYZER_NONNULL = YES;
				CLANG_ANALYZER_NUMBER_OBJECT_CONVERSION = YES_AGGRESSIVE;
				CLANG_CXX_LANGUAGE_STANDARD = "gnu++14";
				CLANG_CXX_LIBRARY = "libc++";
				CLANG_ENABLE_MODULES = YES;
				CLANG_ENABLE_OBJC_ARC = YES;
				CLANG_ENABLE_OBJC_WEAK = YES;
				CLANG_WARN_BLOCK_CAPTURE_AUTORELEASING = YES;
				CLANG_WARN_BOOL_CONVERSION = YES;
				CLANG_WARN_COMMA = YES;
				CLANG_WARN_CONSTANT_CONVERSION = YES;
				CLANG_WARN_DEPRECATED_OBJC_IMPLEMENTATIONS = YES;
				CLANG_WARN_DIRECT_OBJC_ISA_USAGE = YES_ERROR;
				CLANG_WARN_DOCUMENTATION_COMMENTS = YES;
				CLANG_WARN_EMPTY_BODY = YES;
				CLANG_WARN_ENUM_CONVERSION = YES;
				CLANG_WARN_INFINITE_RECURSION = YES;
				CLANG_WARN_INT_CONVERSION = YES;
				CLANG_WARN_NON_LITERAL_NULL_CONVERSION = YES;
				CLANG_WARN_OBJC_IMPLICIT_RETAIN_SELF = YES;
				CLANG_WARN_OBJC_LITERAL_CONVERSION = YES;
				CLANG_WARN_OBJC_ROOT_CLASS = YES_ERROR;
				CLANG_WARN_RANGE_LOOP_ANALYSIS = YES;
				CLANG_WARN_STRICT_PROTOTYPES = YES;
				CLANG_WARN_SUSPICIOUS_MOVE = YES;
				CLANG_WARN_UNGUARDED_AVAILABILITY = YES_AGGRESSIVE;
				CLANG_WARN_UNREACHABLE_CODE = YES;
				CLANG_WARN__DUPLICATE_METHOD_MATCH = YES;
				CODE_SIGN_IDENTITY = "iPhone Developer";
				COPY_PHASE_STRIP = NO;
				DEBUG_INFORMATION_FORMAT = "dwarf-with-dsym";
				ENABLE_NS_ASSERTIONS = NO;
				ENABLE_STRICT_OBJC_MSGSEND = YES;
				GCC_C_LANGUAGE_STANDARD = gnu11;
				GCC_NO_COMMON_BLOCKS = YES;
				GCC_WARN_64_TO_32_BIT_CONVERSION = YES;
				GCC_WARN_ABOUT_RETURN_TYPE = YES_ERROR;
				GCC_WARN_UNDECLARED_SELECTOR = YES;
				GCC_WARN_UNINITIALIZED_AUTOS = YES_AGGRESSIVE;
				GCC_WARN_UNUSED_FUNCTION = YES;
				GCC_WARN_UNUSED_VARIABLE = YES;
				IPHONEOS_DEPLOYMENT_TARGET = 11.3;
				MTL_ENABLE_DEBUG_INFO = NO;
				SDKROOT = iphoneos;
				VALIDATE_PRODUCT = YES;
			};
			name = Release;
		};
		581D5C042091828400DCE533 /* Debug */ = {
			isa = XCBuildConfiguration;
			buildSettings = {
				ASSETCATALOG_COMPILER_APPICON_NAME = AppIcon;
				CODE_SIGN_STYLE = Automatic;
				DEVELOPMENT_TEAM = 2T9375E9L5;
				INFOPLIST_FILE = photoBookDemo/Info.plist;
				LD_RUNPATH_SEARCH_PATHS = (
					"$(inherited)",
					"@executable_path/Frameworks",
				);
				PRODUCT_BUNDLE_IDENTIFIER = photo;
				PRODUCT_NAME = "$(TARGET_NAME)";
				TARGETED_DEVICE_FAMILY = "1,2";
			};
			name = Debug;
		};
		581D5C052091828400DCE533 /* Release */ = {
			isa = XCBuildConfiguration;
			buildSettings = {
				ASSETCATALOG_COMPILER_APPICON_NAME = AppIcon;
				CODE_SIGN_STYLE = Automatic;
				DEVELOPMENT_TEAM = 2T9375E9L5;
				INFOPLIST_FILE = photoBookDemo/Info.plist;
				LD_RUNPATH_SEARCH_PATHS = (
					"$(inherited)",
					"@executable_path/Frameworks",
				);
				PRODUCT_BUNDLE_IDENTIFIER = photo;
				PRODUCT_NAME = "$(TARGET_NAME)";
				TARGETED_DEVICE_FAMILY = "1,2";
			};
			name = Release;
		};
/* End XCBuildConfiguration section */

/* Begin XCConfigurationList section */
		581D5BE82091828400DCE533 /* Build configuration list for PBXProject "photoBookDemo" */ = {
			isa = XCConfigurationList;
			buildConfigurations = (
				581D5C012091828400DCE533 /* Debug */,
				581D5C022091828400DCE533 /* Release */,
			);
			defaultConfigurationIsVisible = 0;
			defaultConfigurationName = Release;
		};
		581D5C032091828400DCE533 /* Build configuration list for PBXNativeTarget "photoBookDemo" */ = {
			isa = XCConfigurationList;
			buildConfigurations = (
				581D5C042091828400DCE533 /* Debug */,
				581D5C052091828400DCE533 /* Release */,
			);
			defaultConfigurationIsVisible = 0;
			defaultConfigurationName = Release;
		};
/* End XCConfigurationList section */
	};
	rootObject = 581D5BE52091828400DCE533 /* Project object */;
}
